
Microsoft Visual Studio Solution File, Format Version 12.00
# Visual Studio Version 16
VisualStudioVersion = 16.0.31729.503
MinimumVisualStudioVersion = 10.0.40219.1
Project("{9A19103F-16F7-4668-BE54-9A1E7A4F7556}") = "EbanxExam.Api", "EbanxExam.Api.csproj", "{C7AB1A6E-C0C3-469E-9205-A4185594B8D4}"
EndProject
Project("{9A19103F-16F7-4668-BE54-9A1E7A4F7556}") = "EbanxExam.Application", "..\EbanxExam.Application\EbanxExam.Application.csproj", "{CFF0E55F-4F4F-413A-A684-353C22BA47E3}"
EndProject
Project("{9A19103F-16F7-4668-BE54-9A1E7A4F7556}") = "EbanxExam.Data", "..\EbanxExam.Domain\EbanxExam.Data.csproj", "{530120D1-561D-43CE-8724-A38C114536D8}"
EndProject
Global
	GlobalSection(SolutionConfigurationPlatforms) = preSolution
		Debug|Any CPU = Debug|Any CPU
		Release|Any CPU = Release|Any CPU
	EndGlobalSection
	GlobalSection(ProjectConfigurationPlatforms) = postSolution
		{C7AB1A6E-C0C3-469E-9205-A4185594B8D4}.Debug|Any CPU.ActiveCfg = Debug|Any CPU
		{C7AB1A6E-C0C3-469E-9205-A4185594B8D4}.Debug|Any CPU.Build.0 = Debug|Any CPU
		{C7AB1A6E-C0C3-469E-9205-A4185594B8D4}.Release|Any CPU.ActiveCfg = Release|Any CPU
		{C7AB1A6E-C0C3-469E-9205-A4185594B8D4}.Release|Any CPU.Build.0 = Release|Any CPU
		{CFF0E55F-4F4F-413A-A684-353C22BA47E3}.Debug|Any CPU.ActiveCfg = Debug|Any CPU
		{CFF0E55F-4F4F-413A-A684-353C22BA47E3}.Debug|Any CPU.Build.0 = Debug|Any CPU
		{CFF0E55F-4F4F-413A-A684-353C22BA47E3}.Release|Any CPU.ActiveCfg = Release|Any CPU
		{CFF0E55F-4F4F-413A-A684-353C22BA47E3}.Release|Any CPU.Build.0 = Release|Any CPU
		{530120D1-561D-43CE-8724-A38C114536D8}.Debug|Any CPU.ActiveCfg = Debug|Any CPU
		{530120D1-561D-43CE-8724-A38C114536D8}.Debug|Any CPU.Build.0 = Debug|Any CPU
		{530120D1-561D-43CE-8724-A38C114536D8}.Release|Any CPU.ActiveCfg = Release|Any CPU
		{530120D1-561D-43CE-8724-A38C114536D8}.Release|Any CPU.Build.0 = Release|Any CPU
	EndGlobalSection
	GlobalSection(SolutionProperties) = preSolution
		HideSolutionNode = FALSE
	EndGlobalSection
	GlobalSection(ExtensibilityGlobals) = postSolution
		SolutionGuid = {CBA19504-85BA-4D16-B60B-EC40A6A4F3AB}
	EndGlobalSection
EndGlobal
